
Microsoft Visual Studio Solution File, Format Version 12.00
# Visual Studio Version 16
VisualStudioVersion = 16.0.29519.181
MinimumVisualStudioVersion = 15.0.26124.0
Project("{2150E333-8FDC-42A3-9474-1A3956D46DE8}") = "Ozone.Services.Feedback", "Ozone.Services.Feedback", "{749D0C81-E372-45DA-A16F-F44DEC5DD740}"
EndProject
Project("{2150E333-8FDC-42A3-9474-1A3956D46DE8}") = "src", "src", "{E4B8F57A-B2E4-4F8E-931D-92767F4DE61F}"
EndProject
Project("{2150E333-8FDC-42A3-9474-1A3956D46DE8}") = "tests", "tests", "{4DFA7238-D251-4AD8-95FC-4AA928A69CB6}"
EndProject
Project("{9A19103F-16F7-4668-BE54-9A1E7A4F7556}") = "Ozone.Services.Feedback.Api", "src\Ozone.Services.Feedback.Api\Ozone.Services.Feedback.Api.csproj", "{243C24FF-2DF5-4446-9F82-8F3791AEAC8B}"
EndProject
Project("{9A19103F-16F7-4668-BE54-9A1E7A4F7556}") = "Ozone.Services.Feedback.Application", "src\Ozone.Services.Feedback.Application\Ozone.Services.Feedback.Application.csproj", "{B3133212-3974-487C-80BD-1293A3E5B882}"
EndProject
Project("{9A19103F-16F7-4668-BE54-9A1E7A4F7556}") = "Ozone.Services.Feedback.Core", "src\Ozone.Services.Feedback.Core\Ozone.Services.Feedback.Core.csproj", "{458EFC3B-B92E-42E9-91B6-AE7859778C1D}"
EndProject
Project("{9A19103F-16F7-4668-BE54-9A1E7A4F7556}") = "Ozone.Services.Feedback.Infrastructure", "src\Ozone.Services.Feedback.Infrastructure\Ozone.Services.Feedback.Infrastructure.csproj", "{6763D1E9-91F6-4A92-A007-60F78DB7492B}"
EndProject
Global
	GlobalSection(SolutionConfigurationPlatforms) = preSolution
		Debug|Any CPU = Debug|Any CPU
		Debug|x64 = Debug|x64
		Debug|x86 = Debug|x86
		Release|Any CPU = Release|Any CPU
		Release|x64 = Release|x64
		Release|x86 = Release|x86
	EndGlobalSection
	GlobalSection(ProjectConfigurationPlatforms) = postSolution
		{243C24FF-2DF5-4446-9F82-8F3791AEAC8B}.Debug|Any CPU.ActiveCfg = Debug|Any CPU
		{243C24FF-2DF5-4446-9F82-8F3791AEAC8B}.Debug|Any CPU.Build.0 = Debug|Any CPU
		{243C24FF-2DF5-4446-9F82-8F3791AEAC8B}.Debug|x64.ActiveCfg = Debug|Any CPU
		{243C24FF-2DF5-4446-9F82-8F3791AEAC8B}.Debug|x64.Build.0 = Debug|Any CPU
		{243C24FF-2DF5-4446-9F82-8F3791AEAC8B}.Debug|x86.ActiveCfg = Debug|Any CPU
		{243C24FF-2DF5-4446-9F82-8F3791AEAC8B}.Debug|x86.Build.0 = Debug|Any CPU
		{243C24FF-2DF5-4446-9F82-8F3791AEAC8B}.Release|Any CPU.ActiveCfg = Release|Any CPU
		{243C24FF-2DF5-4446-9F82-8F3791AEAC8B}.Release|Any CPU.Build.0 = Release|Any CPU
		{243C24FF-2DF5-4446-9F82-8F3791AEAC8B}.Release|x64.ActiveCfg = Release|Any CPU
		{243C24FF-2DF5-4446-9F82-8F3791AEAC8B}.Release|x64.Build.0 = Release|Any CPU
		{243C24FF-2DF5-4446-9F82-8F3791AEAC8B}.Release|x86.ActiveCfg = Release|Any CPU
		{243C24FF-2DF5-4446-9F82-8F3791AEAC8B}.Release|x86.Build.0 = Release|Any CPU
		{B3133212-3974-487C-80BD-1293A3E5B882}.Debug|Any CPU.ActiveCfg = Debug|Any CPU
		{B3133212-3974-487C-80BD-1293A3E5B882}.Debug|Any CPU.Build.0 = Debug|Any CPU
		{B3133212-3974-487C-80BD-1293A3E5B882}.Debug|x64.ActiveCfg = Debug|Any CPU
		{B3133212-3974-487C-80BD-1293A3E5B882}.Debug|x64.Build.0 = Debug|Any CPU
		{B3133212-3974-487C-80BD-1293A3E5B882}.Debug|x86.ActiveCfg = Debug|Any CPU
		{B3133212-3974-487C-80BD-1293A3E5B882}.Debug|x86.Build.0 = Debug|Any CPU
		{B3133212-3974-487C-80BD-1293A3E5B882}.Release|Any CPU.ActiveCfg = Release|Any CPU
		{B3133212-3974-487C-80BD-1293A3E5B882}.Release|Any CPU.Build.0 = Release|Any CPU
		{B3133212-3974-487C-80BD-1293A3E5B882}.Release|x64.ActiveCfg = Release|Any CPU
		{B3133212-3974-487C-80BD-1293A3E5B882}.Release|x64.Build.0 = Release|Any CPU
		{B3133212-3974-487C-80BD-1293A3E5B882}.Release|x86.ActiveCfg = Release|Any CPU
		{B3133212-3974-487C-80BD-1293A3E5B882}.Release|x86.Build.0 = Release|Any CPU
		{458EFC3B-B92E-42E9-91B6-AE7859778C1D}.Debug|Any CPU.ActiveCfg = Debug|Any CPU
		{458EFC3B-B92E-42E9-91B6-AE7859778C1D}.Debug|Any CPU.Build.0 = Debug|Any CPU
		{458EFC3B-B92E-42E9-91B6-AE7859778C1D}.Debug|x64.ActiveCfg = Debug|Any CPU
		{458EFC3B-B92E-42E9-91B6-AE7859778C1D}.Debug|x64.Build.0 = Debug|Any CPU
		{458EFC3B-B92E-42E9-91B6-AE7859778C1D}.Debug|x86.ActiveCfg = Debug|Any CPU
		{458EFC3B-B92E-42E9-91B6-AE7859778C1D}.Debug|x86.Build.0 = Debug|Any CPU
		{458EFC3B-B92E-42E9-91B6-AE7859778C1D}.Release|Any CPU.ActiveCfg = Release|Any CPU
		{458EFC3B-B92E-42E9-91B6-AE7859778C1D}.Release|Any CPU.Build.0 = Release|Any CPU
		{458EFC3B-B92E-42E9-91B6-AE7859778C1D}.Release|x64.ActiveCfg = Release|Any CPU
		{458EFC3B-B92E-42E9-91B6-AE7859778C1D}.Release|x64.Build.0 = Release|Any CPU
		{458EFC3B-B92E-42E9-91B6-AE7859778C1D}.Release|x86.ActiveCfg = Release|Any CPU
		{458EFC3B-B92E-42E9-91B6-AE7859778C1D}.Release|x86.Build.0 = Release|Any CPU
		{6763D1E9-91F6-4A92-A007-60F78DB7492B}.Debug|Any CPU.ActiveCfg = Debug|Any CPU
		{6763D1E9-91F6-4A92-A007-60F78DB7492B}.Debug|Any CPU.Build.0 = Debug|Any CPU
		{6763D1E9-91F6-4A92-A007-60F78DB7492B}.Debug|x64.ActiveCfg = Debug|Any CPU
		{6763D1E9-91F6-4A92-A007-60F78DB7492B}.Debug|x64.Build.0 = Debug|Any CPU
		{6763D1E9-91F6-4A92-A007-60F78DB7492B}.Debug|x86.ActiveCfg = Debug|Any CPU
		{6763D1E9-91F6-4A92-A007-60F78DB7492B}.Debug|x86.Build.0 = Debug|Any CPU
		{6763D1E9-91F6-4A92-A007-60F78DB7492B}.Release|Any CPU.ActiveCfg = Release|Any CPU
		{6763D1E9-91F6-4A92-A007-60F78DB7492B}.Release|Any CPU.Build.0 = Release|Any CPU
		{6763D1E9-91F6-4A92-A007-60F78DB7492B}.Release|x64.ActiveCfg = Release|Any CPU
		{6763D1E9-91F6-4A92-A007-60F78DB7492B}.Release|x64.Build.0 = Release|Any CPU
		{6763D1E9-91F6-4A92-A007-60F78DB7492B}.Release|x86.ActiveCfg = Release|Any CPU
		{6763D1E9-91F6-4A92-A007-60F78DB7492B}.Release|x86.Build.0 = Release|Any CPU
	EndGlobalSection
	GlobalSection(SolutionProperties) = preSolution
		HideSolutionNode = FALSE
	EndGlobalSection
	GlobalSection(NestedProjects) = preSolution
		{E4B8F57A-B2E4-4F8E-931D-92767F4DE61F} = {749D0C81-E372-45DA-A16F-F44DEC5DD740}
		{4DFA7238-D251-4AD8-95FC-4AA928A69CB6} = {749D0C81-E372-45DA-A16F-F44DEC5DD740}
		{243C24FF-2DF5-4446-9F82-8F3791AEAC8B} = {E4B8F57A-B2E4-4F8E-931D-92767F4DE61F}
		{B3133212-3974-487C-80BD-1293A3E5B882} = {E4B8F57A-B2E4-4F8E-931D-92767F4DE61F}
		{458EFC3B-B92E-42E9-91B6-AE7859778C1D} = {E4B8F57A-B2E4-4F8E-931D-92767F4DE61F}
		{6763D1E9-91F6-4A92-A007-60F78DB7492B} = {E4B8F57A-B2E4-4F8E-931D-92767F4DE61F}
	EndGlobalSection
	GlobalSection(ExtensibilityGlobals) = postSolution
		SolutionGuid = {875EA939-1878-4009-96CF-E7C1F6BF0791}
	EndGlobalSection
EndGlobal
